{"format_version":"1.2","terraform_version":"1.5.7","planned_values":{"root_module":{"resources":[{"address":"google_storage_bucket.example","mode":"managed","type":"google_storage_bucket","name":"example","provider_name":"registry.terraform.io/hashicorp/google","schema_version":3,"values":{"autoclass":[],"cors":[],"custom_placement_config":[],"default_event_based_hold":null,"effective_labels":{"goog-terraform-provisioned":"true"},"enable_object_retention":null,"encryption":[],"force_destroy":false,"hierarchical_namespace":[],"labels":null,"lifecycle_rule":[],"location":"EU","logging":[],"name":"example-infra-auto-bucket","public_access_prevention":"enforced","requester_pays":null,"retention_policy":[],"storage_class":"STANDARD","terraform_labels":{"goog-terraform-provisioned":"true"},"timeouts":null,"uniform_bucket_level_access":true},"sensitive_values":{"autoclass":[],"cors":[],"custom_placement_config":[],"effective_labels":{},"encryption":[],"hierarchical_namespace":[],"lifecycle_rule":[],"logging":[],"retention_policy":[],"soft_delete_policy":[],"terraform_labels":{},"versioning":[],"website":[]}}]}},"resource_changes":[{"address":"google_storage_bucket.example","mode":"managed","type":"google_storage_bucket","name":"example","provider_name":"registry.terraform.io/hashicorp/google","change":{"actions":["create"],"before":null,"after":{"autoclass":[],"cors":[],"custom_placement_config":[],"default_event_based_hold":null,"effective_labels":{"goog-terraform-provisioned":"true"},"enable_object_retention":null,"encryption":[],"force_destroy":false,"hierarchical_namespace":[],"labels":null,"lifecycle_rule":[],"location":"EU","logging":[],"name":"example-infra-auto-bucket","public_access_prevention":"enforced","requester_pays":null,"retention_policy":[],"storage_class":"STANDARD","terraform_labels":{"goog-terraform-provisioned":"true"},"timeouts":null,"uniform_bucket_level_access":true},"after_unknown":{"autoclass":[],"cors":[],"custom_placement_config":[],"effective_labels":{},"encryption":[],"hierarchical_namespace":[],"id":true,"lifecycle_rule":[],"logging":[],"project":true,"project_number":true,"retention_policy":[],"rpo":true,"self_link":true,"soft_delete_policy":true,"terraform_labels":{},"url":true,"versioning":true,"website":true},"before_sensitive":false,"after_sensitive":{"autoclass":[],"cors":[],"custom_placement_config":[],"effective_labels":{},"encryption":[],"hierarchical_namespace":[],"lifecycle_rule":[],"logging":[],"retention_policy":[],"soft_delete_policy":[],"terraform_labels":{},"versioning":[],"website":[]}}}],"configuration":{"provider_config":{"google":{"name":"google","full_name":"registry.terraform.io/hashicorp/google","expressions":{"project":{"constant_value":"training-platform-engineer"},"region":{"constant_value":"europe-west2"}}}},"root_module":{"resources":[{"address":"google_storage_bucket.example","mode":"managed","type":"google_storage_bucket","name":"example","provider_config_key":"google","expressions":{"location":{"constant_value":"EU"},"name":{"constant_value":"example-infra-auto-bucket"},"public_access_prevention":{"constant_value":"enforced"},"uniform_bucket_level_access":{"constant_value":true}},"schema_version":3}]}},"timestamp":"2025-04-16T18:21:19Z"}
